// !$*UTF8*$!
{
	archiveVersion = 1;
	classes = {
	};
	objectVersion = 55;
	objects = {

/* Begin PBXBuildFile section */
		F14C09C828F3F4E600AE2BC7 /* AppDelegate.swift in Sources */ = {isa = PBXBuildFile; fileRef = F14C09C728F3F4E600AE2BC7 /* AppDelegate.swift */; };
		F14C09CA28F3F4E600AE2BC7 /* SceneDelegate.swift in Sources */ = {isa = PBXBuildFile; fileRef = F14C09C928F3F4E600AE2BC7 /* SceneDelegate.swift */; };
		F14C09CC28F3F4E600AE2BC7 /* ViewController.swift in Sources */ = {isa = PBXBuildFile; fileRef = F14C09CB28F3F4E600AE2BC7 /* ViewController.swift */; };
		F14C09CF28F3F4E600AE2BC7 /* Main.storyboard in Resources */ = {isa = PBXBuildFile; fileRef = F14C09CD28F3F4E600AE2BC7 /* Main.storyboard */; };
		F14C09D228F3F4E600AE2BC7 /* IosEval4.xcdatamodeld in Sources */ = {isa = PBXBuildFile; fileRef = F14C09D028F3F4E600AE2BC7 /* IosEval4.xcdatamodeld */; };
		F14C09D428F3F4E700AE2BC7 /* Assets.xcassets in Resources */ = {isa = PBXBuildFile; fileRef = F14C09D328F3F4E700AE2BC7 /* Assets.xcassets */; };
		F14C09D728F3F4E700AE2BC7 /* LaunchScreen.storyboard in Resources */ = {isa = PBXBuildFile; fileRef = F14C09D528F3F4E700AE2BC7 /* LaunchScreen.storyboard */; };
/* End PBXBuildFile section */

/* Begin PBXFileReference section */
		F14C09C428F3F4E600AE2BC7 /* IosEval4.app */ = {isa = PBXFileReference; explicitFileType = wrapper.application; includeInIndex = 0; path = IosEval4.app; sourceTree = BUILT_PRODUCTS_DIR; };
		F14C09C728F3F4E600AE2BC7 /* AppDelegate.swift */ = {isa = PBXFileReference; lastKnownFileType = sourcecode.swift; path = AppDelegate.swift; sourceTree = "<group>"; };
		F14C09C928F3F4E600AE2BC7 /* SceneDelegate.swift */ = {isa = PBXFileReference; lastKnownFileType = sourcecode.swift; path = SceneDelegate.swift; sourceTree = "<group>"; };
		F14C09CB28F3F4E600AE2BC7 /* ViewController.swift */ = {isa = PBXFileReference; lastKnownFileType = sourcecode.swift; path = ViewController.swift; sourceTree = "<group>"; };
		F14C09CE28F3F4E600AE2BC7 /* Base */ = {isa = PBXFileReference; lastKnownFileType = file.storyboard; name = Base; path = Base.lproj/Main.storyboard; sourceTree = "<group>"; };
		F14C09D128F3F4E600AE2BC7 /* IosEval4.xcdatamodel */ = {isa = PBXFileReference; lastKnownFileType = wrapper.xcdatamodel; path = IosEval4.xcdatamodel; sourceTree = "<group>"; };
		F14C09D328F3F4E700AE2BC7 /* Assets.xcassets */ = {isa = PBXFileReference; lastKnownFileType = folder.assetcatalog; path = Assets.xcassets; sourceTree = "<group>"; };
		F14C09D628F3F4E700AE2BC7 /* Base */ = {isa = PBXFileReference; lastKnownFileType = file.storyboard; name = Base; path = Base.lproj/LaunchScreen.storyboard; sourceTree = "<group>"; };
		F14C09D828F3F4E700AE2BC7 /* Info.plist */ = {isa = PBXFileReference; lastKnownFileType = text.plist.xml; path = Info.plist; sourceTree = "<group>"; };
/* End PBXFileReference section */

/* Begin PBXFrameworksBuildPhase section */
		F14C09C128F3F4E600AE2BC7 /* Frameworks */ = {
			isa = PBXFrameworksBuildPhase;
			buildActionMask = 2147483647;
			files = (
			);
			runOnlyForDeploymentPostprocessing = 0;
		};
/* End PBXFrameworksBuildPhase section */

/* Begin PBXGroup section */
		F14C09BB28F3F4E600AE2BC7 = {
			isa = PBXGroup;
			children = (
				F14C09C628F3F4E600AE2BC7 /* IosEval4 */,
				F14C09C528F3F4E600AE2BC7 /* Products */,
			);
			sourceTree = "<group>";
		};
		F14C09C528F3F4E600AE2BC7 /* Products */ = {
			isa = PBXGroup;
			children = (
				F14C09C428F3F4E600AE2BC7 /* IosEval4.app */,
			);
			name = Products;
			sourceTree = "<group>";
		};
		F14C09C628F3F4E600AE2BC7 /* IosEval4 */ = {
			isa = PBXGroup;
			children = (
				F14C09C728F3F4E600AE2BC7 /* AppDelegate.swift */,
				F14C09C928F3F4E600AE2BC7 /* SceneDelegate.swift */,
				F14C09CB28F3F4E600AE2BC7 /* ViewController.swift */,
				F14C09CD28F3F4E600AE2BC7 /* Main.storyboard */,
				F14C09D328F3F4E700AE2BC7 /* Assets.xcassets */,
				F14C09D528F3F4E700AE2BC7 /* LaunchScreen.storyboard */,
				F14C09D828F3F4E700AE2BC7 /* Info.plist */,
				F14C09D028F3F4E600AE2BC7 /* IosEval4.xcdatamodeld */,
			);
			path = IosEval4;
			sourceTree = "<group>";
		};
/* End PBXGroup section */

/* Begin PBXNativeTarget section */
		F14C09C328F3F4E600AE2BC7 /* IosEval4 */ = {
			isa = PBXNativeTarget;
			buildConfigurationList = F14C09DB28F3F4E700AE2BC7 /* Build configuration list for PBXNativeTarget "IosEval4" */;
			buildPhases = (
				F14C09C028F3F4E600AE2BC7 /* Sources */,
				F14C09C128F3F4E600AE2BC7 /* Frameworks */,
				F14C09C228F3F4E600AE2BC7 /* Resources */,
			);
			buildRules = (
			);
			dependencies = (
			);
			name = IosEval4;
			productName = IosEval4;
			productReference = F14C09C428F3F4E600AE2BC7 /* IosEval4.app */;
			productType = "com.apple.product-type.application";
		};
/* End PBXNativeTarget section */

/* Begin PBXProject section */
		F14C09BC28F3F4E600AE2BC7 /* Project object */ = {
			isa = PBXProject;
			attributes = {
				BuildIndependentTargetsInParallel = 1;
				LastSwiftUpdateCheck = 1330;
				LastUpgradeCheck = 1330;
				TargetAttributes = {
					F14C09C328F3F4E600AE2BC7 = {
						CreatedOnToolsVersion = 13.3.1;
					};
				};
			};
			buildConfigurationList = F14C09BF28F3F4E600AE2BC7 /* Build configuration list for PBXProject "IosEval4" */;
			compatibilityVersion = "Xcode 13.0";
			developmentRegion = en;
			hasScannedForEncodings = 0;
			knownRegions = (
				en,
				Base,
			);
			mainGroup = F14C09BB28F3F4E600AE2BC7;
			productRefGroup = F14C09C528F3F4E600AE2BC7 /* Products */;
			projectDirPath = "";
			projectRoot = "";
			targets = (
				F14C09C328F3F4E600AE2BC7 /* IosEval4 */,
			);
		};
/* End PBXProject section */

/* Begin PBXResourcesBuildPhase section */
		F14C09C228F3F4E600AE2BC7 /* Resources */ = {
			isa = PBXResourcesBuildPhase;
			buildActionMask = 2147483647;
			files = (
				F14C09D728F3F4E700AE2BC7 /* LaunchScreen.storyboard in Resources */,
				F14C09D428F3F4E700AE2BC7 /* Assets.xcassets in Resources */,
				F14C09CF28F3F4E600AE2BC7 /* Main.storyboard in Resources */,
			);
			runOnlyForDeploymentPostprocessing = 0;
		};
/* End PBXResourcesBuildPhase section */

/* Begin PBXSourcesBuildPhase section */
		F14C09C028F3F4E600AE2BC7 /* Sources */ = {
			isa = PBXSourcesBuildPhase;
			buildActionMask = 2147483647;
			files = (
				F14C09D228F3F4E600AE2BC7 /* IosEval4.xcdatamodeld in Sources */,
				F14C09CC28F3F4E600AE2BC7 /* ViewController.swift in Sources */,
				F14C09C828F3F4E600AE2BC7 /* AppDelegate.swift in Sources */,
				F14C09CA28F3F4E600AE2BC7 /* SceneDelegate.swift in Sources */,
			);
			runOnlyForDeploymentPostprocessing = 0;
		};
/* End PBXSourcesBuildPhase section */

/* Begin PBXVariantGroup section */
		F14C09CD28F3F4E600AE2BC7 /* Main.storyboard */ = {
			isa = PBXVariantGroup;
			children = (
				F14C09CE28F3F4E600AE2BC7 /* Base */,
			);
			name = Main.storyboard;
			sourceTree = "<group>";
		};
		F14C09D528F3F4E700AE2BC7 /* LaunchScreen.storyboard */ = {
			isa = PBXVariantGroup;
			children = (
				F14C09D628F3F4E700AE2BC7 /* Base */,
			);
			name = LaunchScreen.storyboard;
			sourceTree = "<group>";
		};
/* End PBXVariantGroup section */

/* Begin XCBuildConfiguration section */
		F14C09D928F3F4E700AE2BC7 /* Debug */ = {
			isa = XCBuildConfiguration;
			buildSettings = {
				ALWAYS_SEARCH_USER_PATHS = NO;
				CLANG_ANALYZER_NONNULL = YES;
				CLANG_ANALYZER_NUMBER_OBJECT_CONVERSION = YES_AGGRESSIVE;
				CLANG_CXX_LANGUAGE_STANDARD = "gnu++17";
				CLANG_ENABLE_MODULES = YES;
				CLANG_ENABLE_OBJC_ARC = YES;
				CLANG_ENABLE_OBJC_WEAK = YES;
				CLANG_WARN_BLOCK_CAPTURE_AUTORELEASING = YES;
				CLANG_WARN_BOOL_CONVERSION = YES;
				CLANG_WARN_COMMA = YES;
				CLANG_WARN_CONSTANT_CONVERSION = YES;
				CLANG_WARN_DEPRECATED_OBJC_IMPLEMENTATIONS = YES;
				CLANG_WARN_DIRECT_OBJC_ISA_USAGE = YES_ERROR;
				CLANG_WARN_DOCUMENTATION_COMMENTS = YES;
				CLANG_WARN_EMPTY_BODY = YES;
				CLANG_WARN_ENUM_CONVERSION = YES;
				CLANG_WARN_INFINITE_RECURSION = YES;
				CLANG_WARN_INT_CONVERSION = YES;
				CLANG_WARN_NON_LITERAL_NULL_CONVERSION = YES;
				CLANG_WARN_OBJC_IMPLICIT_RETAIN_SELF = YES;
				CLANG_WARN_OBJC_LITERAL_CONVERSION = YES;
				CLANG_WARN_OBJC_ROOT_CLASS = YES_ERROR;
				CLANG_WARN_QUOTED_INCLUDE_IN_FRAMEWORK_HEADER = YES;
				CLANG_WARN_RANGE_LOOP_ANALYSIS = YES;
				CLANG_WARN_STRICT_PROTOTYPES = YES;
				CLANG_WARN_SUSPICIOUS_MOVE = YES;
				CLANG_WARN_UNGUARDED_AVAILABILITY = YES_AGGRESSIVE;
				CLANG_WARN_UNREACHABLE_CODE = YES;
				CLANG_WARN__DUPLICATE_METHOD_MATCH = YES;
				COPY_PHASE_STRIP = NO;
				DEBUG_INFORMATION_FORMAT = dwarf;
				ENABLE_STRICT_OBJC_MSGSEND = YES;
				ENABLE_TESTABILITY = YES;
				GCC_C_LANGUAGE_STANDARD = gnu11;
				GCC_DYNAMIC_NO_PIC = NO;
				GCC_NO_COMMON_BLOCKS = YES;
				GCC_OPTIMIZATION_LEVEL = 0;
				GCC_PREPROCESSOR_DEFINITIONS = (
					"DEBUG=1",
					"$(inherited)",
				);
				GCC_WARN_64_TO_32_BIT_CONVERSION = YES;
				GCC_WARN_ABOUT_RETURN_TYPE = YES_ERROR;
				GCC_WARN_UNDECLARED_SELECTOR = YES;
				GCC_WARN_UNINITIALIZED_AUTOS = YES_AGGRESSIVE;
				GCC_WARN_UNUSED_FUNCTION = YES;
				GCC_WARN_UNUSED_VARIABLE = YES;
				IPHONEOS_DEPLOYMENT_TARGET = 15.4;
				MTL_ENABLE_DEBUG_INFO = INCLUDE_SOURCE;
				MTL_FAST_MATH = YES;
				ONLY_ACTIVE_ARCH = YES;
				SDKROOT = iphoneos;
				SWIFT_ACTIVE_COMPILATION_CONDITIONS = DEBUG;
				SWIFT_OPTIMIZATION_LEVEL = "-Onone";
			};
			name = Debug;
		};
		F14C09DA28F3F4E700AE2BC7 /* Release */ = {
			isa = XCBuildConfiguration;
			buildSettings = {
				ALWAYS_SEARCH_USER_PATHS = NO;
				CLANG_ANALYZER_NONNULL = YES;
				CLANG_ANALYZER_NUMBER_OBJECT_CONVERSION = YES_AGGRESSIVE;
				CLANG_CXX_LANGUAGE_STANDARD = "gnu++17";
				CLANG_ENABLE_MODULES = YES;
				CLANG_ENABLE_OBJC_ARC = YES;
				CLANG_ENABLE_OBJC_WEAK = YES;
				CLANG_WARN_BLOCK_CAPTURE_AUTORELEASING = YES;
				CLANG_WARN_BOOL_CONVERSION = YES;
				CLANG_WARN_COMMA = YES;
				CLANG_WARN_CONSTANT_CONVERSION = YES;
				CLANG_WARN_DEPRECATED_OBJC_IMPLEMENTATIONS = YES;
				CLANG_WARN_DIRECT_OBJC_ISA_USAGE = YES_ERROR;
				CLANG_WARN_DOCUMENTATION_COMMENTS = YES;
				CLANG_WARN_EMPTY_BODY = YES;
				CLANG_WARN_ENUM_CONVERSION = YES;
				CLANG_WARN_INFINITE_RECURSION = YES;
				CLANG_WARN_INT_CONVERSION = YES;
				CLANG_WARN_NON_LITERAL_NULL_CONVERSION = YES;
				CLANG_WARN_OBJC_IMPLICIT_RETAIN_SELF = YES;
				CLANG_WARN_OBJC_LITERAL_CONVERSION = YES;
				CLANG_WARN_OBJC_ROOT_CLASS = YES_ERROR;
				CLANG_WARN_QUOTED_INCLUDE_IN_FRAMEWORK_HEADER = YES;
				CLANG_WARN_RANGE_LOOP_ANALYSIS = YES;
				CLANG_WARN_STRICT_PROTOTYPES = YES;
				CLANG_WARN_SUSPICIOUS_MOVE = YES;
				CLANG_WARN_UNGUARDED_AVAILABILITY = YES_AGGRESSIVE;
				CLANG_WARN_UNREACHABLE_CODE = YES;
				CLANG_WARN__DUPLICATE_METHOD_MATCH = YES;
				COPY_PHASE_STRIP = NO;
				DEBUG_INFORMATION_FORMAT = "dwarf-with-dsym";
				ENABLE_NS_ASSERTIONS = NO;
				ENABLE_STRICT_OBJC_MSGSEND = YES;
				GCC_C_LANGUAGE_STANDARD = gnu11;
				GCC_NO_COMMON_BLOCKS = YES;
				GCC_WARN_64_TO_32_BIT_CONVERSION = YES;
				GCC_WARN_ABOUT_RETURN_TYPE = YES_ERROR;
				GCC_WARN_UNDECLARED_SELECTOR = YES;
				GCC_WARN_UNINITIALIZED_AUTOS = YES_AGGRESSIVE;
				GCC_WARN_UNUSED_FUNCTION = YES;
				GCC_WARN_UNUSED_VARIABLE = YES;
				IPHONEOS_DEPLOYMENT_TARGET = 15.4;
				MTL_ENABLE_DEBUG_INFO = NO;
				MTL_FAST_MATH = YES;
				SDKROOT = iphoneos;
				SWIFT_COMPILATION_MODE = wholemodule;
				SWIFT_OPTIMIZATION_LEVEL = "-O";
				VALIDATE_PRODUCT = YES;
			};
			name = Release;
		};
		F14C09DC28F3F4E700AE2BC7 /* Debug */ = {
			isa = XCBuildConfiguration;
			buildSettings = {
				ASSETCATALOG_COMPILER_APPICON_NAME = AppIcon;
				ASSETCATALOG_COMPILER_GLOBAL_ACCENT_COLOR_NAME = AccentColor;
				CODE_SIGN_STYLE = Automatic;
				CURRENT_PROJECT_VERSION = 1;
				GENERATE_INFOPLIST_FILE = YES;
				INFOPLIST_FILE = IosEval4/Info.plist;
				INFOPLIST_KEY_UIApplicationSupportsIndirectInputEvents = YES;
				INFOPLIST_KEY_UILaunchStoryboardName = LaunchScreen;
				INFOPLIST_KEY_UIMainStoryboardFile = Main;
				INFOPLIST_KEY_UISupportedInterfaceOrientations_iPad = "UIInterfaceOrientationPortrait UIInterfaceOrientationPortraitUpsideDown UIInterfaceOrientationLandscapeLeft UIInterfaceOrientationLandscapeRight";
				INFOPLIST_KEY_UISupportedInterfaceOrientations_iPhone = "UIInterfaceOrientationPortrait UIInterfaceOrientationLandscapeLeft UIInterfaceOrientationLandscapeRight";
				LD_RUNPATH_SEARCH_PATHS = (
					"$(inherited)",
					"@executable_path/Frameworks",
				);
				MARKETING_VERSION = 1.0;
				PRODUCT_BUNDLE_IDENTIFIER = com.neopixl.IosEval4;
				PRODUCT_NAME = "$(TARGET_NAME)";
				SWIFT_EMIT_LOC_STRINGS = YES;
				SWIFT_VERSION = 5.0;
				TARGETED_DEVICE_FAMILY = "1,2";
			};
			name = Debug;
		};
		F14C09DD28F3F4E700AE2BC7 /* Release */ = {
			isa = XCBuildConfiguration;
			buildSettings = {
				ASSETCATALOG_COMPILER_APPICON_NAME = AppIcon;
				ASSETCATALOG_COMPILER_GLOBAL_ACCENT_COLOR_NAME = AccentColor;
				CODE_SIGN_STYLE = Automatic;
				CURRENT_PROJECT_VERSION = 1;
				GENERATE_INFOPLIST_FILE = YES;
				INFOPLIST_FILE = IosEval4/Info.plist;
				INFOPLIST_KEY_UIApplicationSupportsIndirectInputEvents = YES;
				INFOPLIST_KEY_UILaunchStoryboardName = LaunchScreen;
				INFOPLIST_KEY_UIMainStoryboardFile = Main;
				INFOPLIST_KEY_UISupportedInterfaceOrientations_iPad = "UIInterfaceOrientationPortrait UIInterfaceOrientationPortraitUpsideDown UIInterfaceOrientationLandscapeLeft UIInterfaceOrientationLandscapeRight";
				INFOPLIST_KEY_UISupportedInterfaceOrientations_iPhone = "UIInterfaceOrientationPortrait UIInterfaceOrientationLandscapeLeft UIInterfaceOrientationLandscapeRight";
				LD_RUNPATH_SEARCH_PATHS = (
					"$(inherited)",
					"@executable_path/Frameworks",
				);
				MARKETING_VERSION = 1.0;
				PRODUCT_BUNDLE_IDENTIFIER = com.neopixl.IosEval4;
				PRODUCT_NAME = "$(TARGET_NAME)";
				SWIFT_EMIT_LOC_STRINGS = YES;
				SWIFT_VERSION = 5.0;
				TARGETED_DEVICE_FAMILY = "1,2";
			};
			name = Release;
		};
/* End XCBuildConfiguration section */

/* Begin XCConfigurationList section */
		F14C09BF28F3F4E600AE2BC7 /* Build configuration list for PBXProject "IosEval4" */ = {
			isa = XCConfigurationList;
			buildConfigurations = (
				F14C09D928F3F4E700AE2BC7 /* Debug */,
				F14C09DA28F3F4E700AE2BC7 /* Release */,
			);
			defaultConfigurationIsVisible = 0;
			defaultConfigurationName = Release;
		};
		F14C09DB28F3F4E700AE2BC7 /* Build configuration list for PBXNativeTarget "IosEval4" */ = {
			isa = XCConfigurationList;
			buildConfigurations = (
				F14C09DC28F3F4E700AE2BC7 /* Debug */,
				F14C09DD28F3F4E700AE2BC7 /* Release */,
			);
			defaultConfigurationIsVisible = 0;
			defaultConfigurationName = Release;
		};
/* End XCConfigurationList section */

/* Begin XCVersionGroup section */
		F14C09D028F3F4E600AE2BC7 /* IosEval4.xcdatamodeld */ = {
			isa = XCVersionGroup;
			children = (
				F14C09D128F3F4E600AE2BC7 /* IosEval4.xcdatamodel */,
			);
			currentVersion = F14C09D128F3F4E600AE2BC7 /* IosEval4.xcdatamodel */;
			path = IosEval4.xcdatamodeld;
			sourceTree = "<group>";
			versionGroupType = wrapper.xcdatamodel;
		};
/* End XCVersionGroup section */
	};
	rootObject = F14C09BC28F3F4E600AE2BC7 /* Project object */;
}
